
Microsoft Visual Studio Solution File, Format Version 12.00
# Visual Studio Version 16
VisualStudioVersion = 16.0.31112.23
MinimumVisualStudioVersion = 10.0.40219.1
Project("{FAE04EC0-301F-11D3-BF4B-00C04F79EFBC}") = "StacksAndQueues", "StacksAndQueues\StacksAndQueues.csproj", "{44A0BF37-9286-46DB-BDF1-1C7A2D387C06}"
EndProject
Project("{FAE04EC0-301F-11D3-BF4B-00C04F79EFBC}") = "UnitTestProject1", "UnitTestProject1\UnitTestProject1.csproj", "{B9FB8225-4F22-46F3-8411-7E046B2CA040}"
EndProject
Global
	GlobalSection(SolutionConfigurationPlatforms) = preSolution
		Debug|Any CPU = Debug|Any CPU
		Release|Any CPU = Release|Any CPU
	EndGlobalSection
	GlobalSection(ProjectConfigurationPlatforms) = postSolution
		{44A0BF37-9286-46DB-BDF1-1C7A2D387C06}.Debug|Any CPU.ActiveCfg = Debug|Any CPU
		{44A0BF37-9286-46DB-BDF1-1C7A2D387C06}.Debug|Any CPU.Build.0 = Debug|Any CPU
		{44A0BF37-9286-46DB-BDF1-1C7A2D387C06}.Release|Any CPU.ActiveCfg = Release|Any CPU
		{44A0BF37-9286-46DB-BDF1-1C7A2D387C06}.Release|Any CPU.Build.0 = Release|Any CPU
		{B9FB8225-4F22-46F3-8411-7E046B2CA040}.Debug|Any CPU.ActiveCfg = Debug|Any CPU
		{B9FB8225-4F22-46F3-8411-7E046B2CA040}.Debug|Any CPU.Build.0 = Debug|Any CPU
		{B9FB8225-4F22-46F3-8411-7E046B2CA040}.Release|Any CPU.ActiveCfg = Release|Any CPU
		{B9FB8225-4F22-46F3-8411-7E046B2CA040}.Release|Any CPU.Build.0 = Release|Any CPU
	EndGlobalSection
	GlobalSection(SolutionProperties) = preSolution
		HideSolutionNode = FALSE
	EndGlobalSection
	GlobalSection(ExtensibilityGlobals) = postSolution
		SolutionGuid = {31F9F958-9669-4178-9077-D742E2FADE8A}
	EndGlobalSection
EndGlobal
